
Microsoft Visual Studio Solution File, Format Version 12.00
# Visual Studio 15
VisualStudioVersion = 15.0.26124.0
MinimumVisualStudioVersion = 15.0.26124.0
Project("{2150E333-8FDC-42A3-9474-1A3956D46DE8}") = "Source", "Source", "{FDD1246D-9528-4604-8170-E89F253CF404}"
EndProject
Project("{2150E333-8FDC-42A3-9474-1A3956D46DE8}") = "DotNET", "DotNET", "{E43B5B3F-D50D-4F4D-BDF1-9BE34FC04878}"
EndProject
Project("{FAE04EC0-301F-11D3-BF4B-00C04F79EFBC}") = "Backend", "Source\DotNET\Backend\Backend.csproj", "{531372FF-A4B6-42FA-974A-232CB9AAFD14}"
EndProject
Project("{2150E333-8FDC-42A3-9474-1A3956D46DE8}") = "Tooling", "Tooling", "{9B620867-A037-41F1-9FC6-2E81B995B84E}"
EndProject
Project("{FAE04EC0-301F-11D3-BF4B-00C04F79EFBC}") = "CLI", "Source\Tooling\CLI\CLI.csproj", "{BF721CE6-673F-4CDF-957B-099A6A9C3374}"
EndProject
Project("{2150E333-8FDC-42A3-9474-1A3956D46DE8}") = "Specifications", "Specifications", "{C9189EB9-E7D8-44BE-8255-E4CA88FA569F}"
EndProject
Project("{2150E333-8FDC-42A3-9474-1A3956D46DE8}") = "DotNET", "DotNET", "{D7632D08-8BA0-43EA-AD16-2BDCD93B8CB7}"
EndProject
Project("{FAE04EC0-301F-11D3-BF4B-00C04F79EFBC}") = "Backend", "Specifications\DotNET\Backend\Backend.csproj", "{7C9C9A44-85AA-43FB-A723-97407581CC79}"
EndProject
Project("{2150E333-8FDC-42A3-9474-1A3956D46DE8}") = "Tooling", "Tooling", "{F2BC2445-6D23-4F9B-A484-8FB00FD4CCA7}"
EndProject
Project("{FAE04EC0-301F-11D3-BF4B-00C04F79EFBC}") = "CLI", "Specifications\Tooling\CLI\CLI.csproj", "{3D3A6DB2-A647-48BA-9E6F-804DFF2E04FC}"
EndProject
Global
	GlobalSection(SolutionConfigurationPlatforms) = preSolution
		Debug|Any CPU = Debug|Any CPU
		Debug|x64 = Debug|x64
		Debug|x86 = Debug|x86
		Release|Any CPU = Release|Any CPU
		Release|x64 = Release|x64
		Release|x86 = Release|x86
	EndGlobalSection
	GlobalSection(SolutionProperties) = preSolution
		HideSolutionNode = FALSE
	EndGlobalSection
	GlobalSection(ProjectConfigurationPlatforms) = postSolution
		{531372FF-A4B6-42FA-974A-232CB9AAFD14}.Debug|Any CPU.ActiveCfg = Debug|Any CPU
		{531372FF-A4B6-42FA-974A-232CB9AAFD14}.Debug|Any CPU.Build.0 = Debug|Any CPU
		{531372FF-A4B6-42FA-974A-232CB9AAFD14}.Debug|x64.ActiveCfg = Debug|Any CPU
		{531372FF-A4B6-42FA-974A-232CB9AAFD14}.Debug|x64.Build.0 = Debug|Any CPU
		{531372FF-A4B6-42FA-974A-232CB9AAFD14}.Debug|x86.ActiveCfg = Debug|Any CPU
		{531372FF-A4B6-42FA-974A-232CB9AAFD14}.Debug|x86.Build.0 = Debug|Any CPU
		{531372FF-A4B6-42FA-974A-232CB9AAFD14}.Release|Any CPU.ActiveCfg = Release|Any CPU
		{531372FF-A4B6-42FA-974A-232CB9AAFD14}.Release|Any CPU.Build.0 = Release|Any CPU
		{531372FF-A4B6-42FA-974A-232CB9AAFD14}.Release|x64.ActiveCfg = Release|Any CPU
		{531372FF-A4B6-42FA-974A-232CB9AAFD14}.Release|x64.Build.0 = Release|Any CPU
		{531372FF-A4B6-42FA-974A-232CB9AAFD14}.Release|x86.ActiveCfg = Release|Any CPU
		{531372FF-A4B6-42FA-974A-232CB9AAFD14}.Release|x86.Build.0 = Release|Any CPU
		{BF721CE6-673F-4CDF-957B-099A6A9C3374}.Debug|Any CPU.ActiveCfg = Debug|Any CPU
		{BF721CE6-673F-4CDF-957B-099A6A9C3374}.Debug|Any CPU.Build.0 = Debug|Any CPU
		{BF721CE6-673F-4CDF-957B-099A6A9C3374}.Debug|x64.ActiveCfg = Debug|Any CPU
		{BF721CE6-673F-4CDF-957B-099A6A9C3374}.Debug|x64.Build.0 = Debug|Any CPU
		{BF721CE6-673F-4CDF-957B-099A6A9C3374}.Debug|x86.ActiveCfg = Debug|Any CPU
		{BF721CE6-673F-4CDF-957B-099A6A9C3374}.Debug|x86.Build.0 = Debug|Any CPU
		{BF721CE6-673F-4CDF-957B-099A6A9C3374}.Release|Any CPU.ActiveCfg = Release|Any CPU
		{BF721CE6-673F-4CDF-957B-099A6A9C3374}.Release|Any CPU.Build.0 = Release|Any CPU
		{BF721CE6-673F-4CDF-957B-099A6A9C3374}.Release|x64.ActiveCfg = Release|Any CPU
		{BF721CE6-673F-4CDF-957B-099A6A9C3374}.Release|x64.Build.0 = Release|Any CPU
		{BF721CE6-673F-4CDF-957B-099A6A9C3374}.Release|x86.ActiveCfg = Release|Any CPU
		{BF721CE6-673F-4CDF-957B-099A6A9C3374}.Release|x86.Build.0 = Release|Any CPU
		{7C9C9A44-85AA-43FB-A723-97407581CC79}.Debug|Any CPU.ActiveCfg = Debug|Any CPU
		{7C9C9A44-85AA-43FB-A723-97407581CC79}.Debug|Any CPU.Build.0 = Debug|Any CPU
		{7C9C9A44-85AA-43FB-A723-97407581CC79}.Debug|x64.ActiveCfg = Debug|Any CPU
		{7C9C9A44-85AA-43FB-A723-97407581CC79}.Debug|x64.Build.0 = Debug|Any CPU
		{7C9C9A44-85AA-43FB-A723-97407581CC79}.Debug|x86.ActiveCfg = Debug|Any CPU
		{7C9C9A44-85AA-43FB-A723-97407581CC79}.Debug|x86.Build.0 = Debug|Any CPU
		{7C9C9A44-85AA-43FB-A723-97407581CC79}.Release|Any CPU.ActiveCfg = Release|Any CPU
		{7C9C9A44-85AA-43FB-A723-97407581CC79}.Release|Any CPU.Build.0 = Release|Any CPU
		{7C9C9A44-85AA-43FB-A723-97407581CC79}.Release|x64.ActiveCfg = Release|Any CPU
		{7C9C9A44-85AA-43FB-A723-97407581CC79}.Release|x64.Build.0 = Release|Any CPU
		{7C9C9A44-85AA-43FB-A723-97407581CC79}.Release|x86.ActiveCfg = Release|Any CPU
		{7C9C9A44-85AA-43FB-A723-97407581CC79}.Release|x86.Build.0 = Release|Any CPU
		{3D3A6DB2-A647-48BA-9E6F-804DFF2E04FC}.Debug|Any CPU.ActiveCfg = Debug|Any CPU
		{3D3A6DB2-A647-48BA-9E6F-804DFF2E04FC}.Debug|Any CPU.Build.0 = Debug|Any CPU
		{3D3A6DB2-A647-48BA-9E6F-804DFF2E04FC}.Debug|x64.ActiveCfg = Debug|Any CPU
		{3D3A6DB2-A647-48BA-9E6F-804DFF2E04FC}.Debug|x64.Build.0 = Debug|Any CPU
		{3D3A6DB2-A647-48BA-9E6F-804DFF2E04FC}.Debug|x86.ActiveCfg = Debug|Any CPU
		{3D3A6DB2-A647-48BA-9E6F-804DFF2E04FC}.Debug|x86.Build.0 = Debug|Any CPU
		{3D3A6DB2-A647-48BA-9E6F-804DFF2E04FC}.Release|Any CPU.ActiveCfg = Release|Any CPU
		{3D3A6DB2-A647-48BA-9E6F-804DFF2E04FC}.Release|Any CPU.Build.0 = Release|Any CPU
		{3D3A6DB2-A647-48BA-9E6F-804DFF2E04FC}.Release|x64.ActiveCfg = Release|Any CPU
		{3D3A6DB2-A647-48BA-9E6F-804DFF2E04FC}.Release|x64.Build.0 = Release|Any CPU
		{3D3A6DB2-A647-48BA-9E6F-804DFF2E04FC}.Release|x86.ActiveCfg = Release|Any CPU
		{3D3A6DB2-A647-48BA-9E6F-804DFF2E04FC}.Release|x86.Build.0 = Release|Any CPU
	EndGlobalSection
	GlobalSection(NestedProjects) = preSolution
		{E43B5B3F-D50D-4F4D-BDF1-9BE34FC04878} = {FDD1246D-9528-4604-8170-E89F253CF404}
		{531372FF-A4B6-42FA-974A-232CB9AAFD14} = {E43B5B3F-D50D-4F4D-BDF1-9BE34FC04878}
		{9B620867-A037-41F1-9FC6-2E81B995B84E} = {FDD1246D-9528-4604-8170-E89F253CF404}
		{BF721CE6-673F-4CDF-957B-099A6A9C3374} = {9B620867-A037-41F1-9FC6-2E81B995B84E}
		{D7632D08-8BA0-43EA-AD16-2BDCD93B8CB7} = {C9189EB9-E7D8-44BE-8255-E4CA88FA569F}
		{7C9C9A44-85AA-43FB-A723-97407581CC79} = {D7632D08-8BA0-43EA-AD16-2BDCD93B8CB7}
		{F2BC2445-6D23-4F9B-A484-8FB00FD4CCA7} = {C9189EB9-E7D8-44BE-8255-E4CA88FA569F}
		{3D3A6DB2-A647-48BA-9E6F-804DFF2E04FC} = {F2BC2445-6D23-4F9B-A484-8FB00FD4CCA7}
	EndGlobalSection
EndGlobal
