
Microsoft Visual Studio Solution File, Format Version 12.00
# Visual Studio 15
VisualStudioVersion = 15.0.26124.0
MinimumVisualStudioVersion = 15.0.26124.0
Project("{2150E333-8FDC-42A3-9474-1A3956D46DE8}") = "Source", "Source", "{FDD1246D-9528-4604-8170-E89F253CF404}"
EndProject
Project("{2150E333-8FDC-42A3-9474-1A3956D46DE8}") = "DotNET", "DotNET", "{E43B5B3F-D50D-4F4D-BDF1-9BE34FC04878}"
EndProject
Project("{FAE04EC0-301F-11D3-BF4B-00C04F79EFBC}") = "Backend", "Source\DotNET\Backend\Backend.csproj", "{531372FF-A4B6-42FA-974A-232CB9AAFD14}"
EndProject
Project("{FAE04EC0-301F-11D3-BF4B-00C04F79EFBC}") = "ProxyGenerator", "Source\DotNET\ProxyGenerator\ProxyGenerator.csproj", "{EF544F7C-B4E7-46E2-ADB2-8F26823B6DAA}"
EndProject
Project("{FAE04EC0-301F-11D3-BF4B-00C04F79EFBC}") = "ProxyGenerator.Specs", "Source\DotNET\ProxyGenerator.Specs\ProxyGenerator.Specs.csproj", "{042BB15A-6D6F-471E-B837-CE8E644AD6A7}"
Project("{FAE04EC0-301F-11D3-BF4B-00C04F79EFBC}") = "Backend.Specs", "Source\DotNET\Backend.Specs\Backend.Specs.csproj", "{F33D06B2-4D2E-4522-A67B-5F156949D181}"
EndProject
Global
	GlobalSection(SolutionConfigurationPlatforms) = preSolution
		Debug|Any CPU = Debug|Any CPU
		Debug|x64 = Debug|x64
		Debug|x86 = Debug|x86
		Release|Any CPU = Release|Any CPU
		Release|x64 = Release|x64
		Release|x86 = Release|x86
	EndGlobalSection
	GlobalSection(SolutionProperties) = preSolution
		HideSolutionNode = FALSE
	EndGlobalSection
	GlobalSection(ProjectConfigurationPlatforms) = postSolution
		{531372FF-A4B6-42FA-974A-232CB9AAFD14}.Debug|Any CPU.ActiveCfg = Debug|Any CPU
		{531372FF-A4B6-42FA-974A-232CB9AAFD14}.Debug|Any CPU.Build.0 = Debug|Any CPU
		{531372FF-A4B6-42FA-974A-232CB9AAFD14}.Debug|x64.ActiveCfg = Debug|Any CPU
		{531372FF-A4B6-42FA-974A-232CB9AAFD14}.Debug|x64.Build.0 = Debug|Any CPU
		{531372FF-A4B6-42FA-974A-232CB9AAFD14}.Debug|x86.ActiveCfg = Debug|Any CPU
		{531372FF-A4B6-42FA-974A-232CB9AAFD14}.Debug|x86.Build.0 = Debug|Any CPU
		{531372FF-A4B6-42FA-974A-232CB9AAFD14}.Release|Any CPU.ActiveCfg = Release|Any CPU
		{531372FF-A4B6-42FA-974A-232CB9AAFD14}.Release|Any CPU.Build.0 = Release|Any CPU
		{531372FF-A4B6-42FA-974A-232CB9AAFD14}.Release|x64.ActiveCfg = Release|Any CPU
		{531372FF-A4B6-42FA-974A-232CB9AAFD14}.Release|x64.Build.0 = Release|Any CPU
		{531372FF-A4B6-42FA-974A-232CB9AAFD14}.Release|x86.ActiveCfg = Release|Any CPU
		{531372FF-A4B6-42FA-974A-232CB9AAFD14}.Release|x86.Build.0 = Release|Any CPU
		{EF544F7C-B4E7-46E2-ADB2-8F26823B6DAA}.Debug|Any CPU.ActiveCfg = Debug|Any CPU
		{EF544F7C-B4E7-46E2-ADB2-8F26823B6DAA}.Debug|Any CPU.Build.0 = Debug|Any CPU
		{EF544F7C-B4E7-46E2-ADB2-8F26823B6DAA}.Debug|x64.ActiveCfg = Debug|Any CPU
		{EF544F7C-B4E7-46E2-ADB2-8F26823B6DAA}.Debug|x64.Build.0 = Debug|Any CPU
		{EF544F7C-B4E7-46E2-ADB2-8F26823B6DAA}.Debug|x86.ActiveCfg = Debug|Any CPU
		{EF544F7C-B4E7-46E2-ADB2-8F26823B6DAA}.Debug|x86.Build.0 = Debug|Any CPU
		{EF544F7C-B4E7-46E2-ADB2-8F26823B6DAA}.Release|Any CPU.ActiveCfg = Release|Any CPU
		{EF544F7C-B4E7-46E2-ADB2-8F26823B6DAA}.Release|Any CPU.Build.0 = Release|Any CPU
		{EF544F7C-B4E7-46E2-ADB2-8F26823B6DAA}.Release|x64.ActiveCfg = Release|Any CPU
		{EF544F7C-B4E7-46E2-ADB2-8F26823B6DAA}.Release|x64.Build.0 = Release|Any CPU
		{EF544F7C-B4E7-46E2-ADB2-8F26823B6DAA}.Release|x86.ActiveCfg = Release|Any CPU
		{EF544F7C-B4E7-46E2-ADB2-8F26823B6DAA}.Release|x86.Build.0 = Release|Any CPU
		{042BB15A-6D6F-471E-B837-CE8E644AD6A7}.Debug|Any CPU.ActiveCfg = Debug|Any CPU
		{042BB15A-6D6F-471E-B837-CE8E644AD6A7}.Debug|Any CPU.Build.0 = Debug|Any CPU
		{042BB15A-6D6F-471E-B837-CE8E644AD6A7}.Debug|x64.ActiveCfg = Debug|Any CPU
		{042BB15A-6D6F-471E-B837-CE8E644AD6A7}.Debug|x64.Build.0 = Debug|Any CPU
		{042BB15A-6D6F-471E-B837-CE8E644AD6A7}.Debug|x86.ActiveCfg = Debug|Any CPU
		{042BB15A-6D6F-471E-B837-CE8E644AD6A7}.Debug|x86.Build.0 = Debug|Any CPU
		{042BB15A-6D6F-471E-B837-CE8E644AD6A7}.Release|Any CPU.ActiveCfg = Release|Any CPU
		{042BB15A-6D6F-471E-B837-CE8E644AD6A7}.Release|Any CPU.Build.0 = Release|Any CPU
		{042BB15A-6D6F-471E-B837-CE8E644AD6A7}.Release|x64.ActiveCfg = Release|Any CPU
		{042BB15A-6D6F-471E-B837-CE8E644AD6A7}.Release|x64.Build.0 = Release|Any CPU
		{042BB15A-6D6F-471E-B837-CE8E644AD6A7}.Release|x86.ActiveCfg = Release|Any CPU
		{042BB15A-6D6F-471E-B837-CE8E644AD6A7}.Release|x86.Build.0 = Release|Any CPU
		{F33D06B2-4D2E-4522-A67B-5F156949D181}.Debug|Any CPU.ActiveCfg = Debug|Any CPU
		{F33D06B2-4D2E-4522-A67B-5F156949D181}.Debug|Any CPU.Build.0 = Debug|Any CPU
		{F33D06B2-4D2E-4522-A67B-5F156949D181}.Debug|x64.ActiveCfg = Debug|Any CPU
		{F33D06B2-4D2E-4522-A67B-5F156949D181}.Debug|x64.Build.0 = Debug|Any CPU
		{F33D06B2-4D2E-4522-A67B-5F156949D181}.Debug|x86.ActiveCfg = Debug|Any CPU
		{F33D06B2-4D2E-4522-A67B-5F156949D181}.Debug|x86.Build.0 = Debug|Any CPU
		{F33D06B2-4D2E-4522-A67B-5F156949D181}.Release|Any CPU.ActiveCfg = Release|Any CPU
		{F33D06B2-4D2E-4522-A67B-5F156949D181}.Release|Any CPU.Build.0 = Release|Any CPU
		{F33D06B2-4D2E-4522-A67B-5F156949D181}.Release|x64.ActiveCfg = Release|Any CPU
		{F33D06B2-4D2E-4522-A67B-5F156949D181}.Release|x64.Build.0 = Release|Any CPU
		{F33D06B2-4D2E-4522-A67B-5F156949D181}.Release|x86.ActiveCfg = Release|Any CPU
		{F33D06B2-4D2E-4522-A67B-5F156949D181}.Release|x86.Build.0 = Release|Any CPU
	EndGlobalSection
	GlobalSection(NestedProjects) = preSolution
		{E43B5B3F-D50D-4F4D-BDF1-9BE34FC04878} = {FDD1246D-9528-4604-8170-E89F253CF404}
		{531372FF-A4B6-42FA-974A-232CB9AAFD14} = {E43B5B3F-D50D-4F4D-BDF1-9BE34FC04878}
		{EF544F7C-B4E7-46E2-ADB2-8F26823B6DAA} = {E43B5B3F-D50D-4F4D-BDF1-9BE34FC04878}
		{042BB15A-6D6F-471E-B837-CE8E644AD6A7} = {E43B5B3F-D50D-4F4D-BDF1-9BE34FC04878}
		{F33D06B2-4D2E-4522-A67B-5F156949D181} = {E43B5B3F-D50D-4F4D-BDF1-9BE34FC04878}
	EndGlobalSection
EndGlobal
