
Microsoft Visual Studio Solution File, Format Version 12.00
# Visual Studio 15
VisualStudioVersion = 15.0.26124.0
MinimumVisualStudioVersion = 15.0.26124.0
Project("{2150E333-8FDC-42A3-9474-1A3956D46DE8}") = "Samples", "Samples", "{F02198E2-01DD-4A34-90CF-452D65F258CA}"
EndProject
Project("{2150E333-8FDC-42A3-9474-1A3956D46DE8}") = "Source", "Source", "{2D2BE647-BF7B-4F21-8AE1-745E8FA440EE}"
EndProject
Project("{2150E333-8FDC-42A3-9474-1A3956D46DE8}") = "Aspnetcore", "Aspnetcore", "{CE84636B-7B1B-47E2-A241-BF3D4B22FE77}"
EndProject
Project("{FAE04EC0-301F-11D3-BF4B-00C04F79EFBC}") = "Backend", "Samples\Source\Aspnetcore\Backend\Backend.csproj", "{0B19A7C3-B585-4185-9795-06582D87ADF3}"
EndProject
Project("{2150E333-8FDC-42A3-9474-1A3956D46DE8}") = "Source", "Source", "{FDD1246D-9528-4604-8170-E89F253CF404}"
EndProject
Project("{2150E333-8FDC-42A3-9474-1A3956D46DE8}") = "DotNET", "DotNET", "{E43B5B3F-D50D-4F4D-BDF1-9BE34FC04878}"
EndProject
Project("{FAE04EC0-301F-11D3-BF4B-00C04F79EFBC}") = "Backend", "Source\DotNET\Backend\Backend.csproj", "{531372FF-A4B6-42FA-974A-232CB9AAFD14}"
EndProject
Global
	GlobalSection(SolutionConfigurationPlatforms) = preSolution
		Debug|Any CPU = Debug|Any CPU
		Debug|x64 = Debug|x64
		Debug|x86 = Debug|x86
		Release|Any CPU = Release|Any CPU
		Release|x64 = Release|x64
		Release|x86 = Release|x86
	EndGlobalSection
	GlobalSection(SolutionProperties) = preSolution
		HideSolutionNode = FALSE
	EndGlobalSection
	GlobalSection(ProjectConfigurationPlatforms) = postSolution
		{0B19A7C3-B585-4185-9795-06582D87ADF3}.Debug|Any CPU.ActiveCfg = Debug|Any CPU
		{0B19A7C3-B585-4185-9795-06582D87ADF3}.Debug|Any CPU.Build.0 = Debug|Any CPU
		{0B19A7C3-B585-4185-9795-06582D87ADF3}.Debug|x64.ActiveCfg = Debug|Any CPU
		{0B19A7C3-B585-4185-9795-06582D87ADF3}.Debug|x64.Build.0 = Debug|Any CPU
		{0B19A7C3-B585-4185-9795-06582D87ADF3}.Debug|x86.ActiveCfg = Debug|Any CPU
		{0B19A7C3-B585-4185-9795-06582D87ADF3}.Debug|x86.Build.0 = Debug|Any CPU
		{0B19A7C3-B585-4185-9795-06582D87ADF3}.Release|Any CPU.ActiveCfg = Release|Any CPU
		{0B19A7C3-B585-4185-9795-06582D87ADF3}.Release|Any CPU.Build.0 = Release|Any CPU
		{0B19A7C3-B585-4185-9795-06582D87ADF3}.Release|x64.ActiveCfg = Release|Any CPU
		{0B19A7C3-B585-4185-9795-06582D87ADF3}.Release|x64.Build.0 = Release|Any CPU
		{0B19A7C3-B585-4185-9795-06582D87ADF3}.Release|x86.ActiveCfg = Release|Any CPU
		{0B19A7C3-B585-4185-9795-06582D87ADF3}.Release|x86.Build.0 = Release|Any CPU
		{531372FF-A4B6-42FA-974A-232CB9AAFD14}.Debug|Any CPU.ActiveCfg = Debug|Any CPU
		{531372FF-A4B6-42FA-974A-232CB9AAFD14}.Debug|Any CPU.Build.0 = Debug|Any CPU
		{531372FF-A4B6-42FA-974A-232CB9AAFD14}.Debug|x64.ActiveCfg = Debug|Any CPU
		{531372FF-A4B6-42FA-974A-232CB9AAFD14}.Debug|x64.Build.0 = Debug|Any CPU
		{531372FF-A4B6-42FA-974A-232CB9AAFD14}.Debug|x86.ActiveCfg = Debug|Any CPU
		{531372FF-A4B6-42FA-974A-232CB9AAFD14}.Debug|x86.Build.0 = Debug|Any CPU
		{531372FF-A4B6-42FA-974A-232CB9AAFD14}.Release|Any CPU.ActiveCfg = Release|Any CPU
		{531372FF-A4B6-42FA-974A-232CB9AAFD14}.Release|Any CPU.Build.0 = Release|Any CPU
		{531372FF-A4B6-42FA-974A-232CB9AAFD14}.Release|x64.ActiveCfg = Release|Any CPU
		{531372FF-A4B6-42FA-974A-232CB9AAFD14}.Release|x64.Build.0 = Release|Any CPU
		{531372FF-A4B6-42FA-974A-232CB9AAFD14}.Release|x86.ActiveCfg = Release|Any CPU
		{531372FF-A4B6-42FA-974A-232CB9AAFD14}.Release|x86.Build.0 = Release|Any CPU
	EndGlobalSection
	GlobalSection(NestedProjects) = preSolution
		{2D2BE647-BF7B-4F21-8AE1-745E8FA440EE} = {F02198E2-01DD-4A34-90CF-452D65F258CA}
		{CE84636B-7B1B-47E2-A241-BF3D4B22FE77} = {2D2BE647-BF7B-4F21-8AE1-745E8FA440EE}
		{0B19A7C3-B585-4185-9795-06582D87ADF3} = {CE84636B-7B1B-47E2-A241-BF3D4B22FE77}
		{E43B5B3F-D50D-4F4D-BDF1-9BE34FC04878} = {FDD1246D-9528-4604-8170-E89F253CF404}
		{531372FF-A4B6-42FA-974A-232CB9AAFD14} = {E43B5B3F-D50D-4F4D-BDF1-9BE34FC04878}
	EndGlobalSection
EndGlobal
